
Microsoft Visual Studio Solution File, Format Version 12.00
# Visual Studio Version 16
VisualStudioVersion = 16.0.29613.14
MinimumVisualStudioVersion = 10.0.40219.1
Project("{9A19103F-16F7-4668-BE54-9A1E7A4F7556}") = "RabitMQ", "RabitMQ.csproj", "{AD9812B6-D097-484F-8E35-8694EBAEA16F}"
EndProject
Project("{2150E333-8FDC-42A3-9474-1A3956D46DE8}") = "Microservice", "Microservice", "{66334C8E-529E-4798-930B-18D75926935C}"
EndProject
Project("{2150E333-8FDC-42A3-9474-1A3956D46DE8}") = "Domain", "Domain", "{CD81A4D0-EE5A-48A5-A217-8CECA4A129B8}"
EndProject
Project("{2150E333-8FDC-42A3-9474-1A3956D46DE8}") = "Infrastructure.Bus", "Infrastructure.Bus", "{9CDA7E52-37AA-45F2-AD8C-1E84CAB1D795}"
EndProject
Project("{2150E333-8FDC-42A3-9474-1A3956D46DE8}") = "Infrastructure.IoC", "Infrastructure.IoC", "{BCEE8830-AE6F-462D-A632-6D0A0FE39F4F}"
EndProject
Project("{2150E333-8FDC-42A3-9474-1A3956D46DE8}") = "Presentation", "Presentation", "{408C9C9F-9D45-45C5-9194-E50C98D29B64}"
EndProject
Global
	GlobalSection(SolutionConfigurationPlatforms) = preSolution
		Debug|Any CPU = Debug|Any CPU
		Release|Any CPU = Release|Any CPU
	EndGlobalSection
	GlobalSection(ProjectConfigurationPlatforms) = postSolution
		{AD9812B6-D097-484F-8E35-8694EBAEA16F}.Debug|Any CPU.ActiveCfg = Debug|Any CPU
		{AD9812B6-D097-484F-8E35-8694EBAEA16F}.Debug|Any CPU.Build.0 = Debug|Any CPU
		{AD9812B6-D097-484F-8E35-8694EBAEA16F}.Release|Any CPU.ActiveCfg = Release|Any CPU
		{AD9812B6-D097-484F-8E35-8694EBAEA16F}.Release|Any CPU.Build.0 = Release|Any CPU
	EndGlobalSection
	GlobalSection(SolutionProperties) = preSolution
		HideSolutionNode = FALSE
	EndGlobalSection
	GlobalSection(NestedProjects) = preSolution
		{AD9812B6-D097-484F-8E35-8694EBAEA16F} = {408C9C9F-9D45-45C5-9194-E50C98D29B64}
	EndGlobalSection
	GlobalSection(ExtensibilityGlobals) = postSolution
		SolutionGuid = {0F31A1CA-2E73-43B6-8268-8EAA44F53589}
	EndGlobalSection
EndGlobal
